
Microsoft Visual Studio Solution File, Format Version 12.00
# Visual Studio for Mac
Project("{FAE04EC0-301F-11D3-BF4B-00C04F79EFBC}") = "Assembly-CSharp", "Assembly-CSharp.csproj", "{7987FC27-A79B-DAA2-FFD7-77DCF9214DBA}"
EndProject
Project("{FAE04EC0-301F-11D3-BF4B-00C04F79EFBC}") = "Assembly-CSharp-Editor", "Assembly-CSharp-Editor.csproj", "{47126DFC-830D-A7D2-FE22-B50859F84724}"
EndProject
Global
	GlobalSection(SolutionConfigurationPlatforms) = preSolution
		Debug|Any CPU = Debug|Any CPU
		Release|Any CPU = Release|Any CPU
	EndGlobalSection
	GlobalSection(ProjectConfigurationPlatforms) = postSolution
		{7987FC27-A79B-DAA2-FFD7-77DCF9214DBA}.Debug|Any CPU.ActiveCfg = Debug|Any CPU
		{7987FC27-A79B-DAA2-FFD7-77DCF9214DBA}.Debug|Any CPU.Build.0 = Debug|Any CPU
		{7987FC27-A79B-DAA2-FFD7-77DCF9214DBA}.Release|Any CPU.ActiveCfg = Release|Any CPU
		{7987FC27-A79B-DAA2-FFD7-77DCF9214DBA}.Release|Any CPU.Build.0 = Release|Any CPU
		{47126DFC-830D-A7D2-FE22-B50859F84724}.Debug|Any CPU.ActiveCfg = Debug|Any CPU
		{47126DFC-830D-A7D2-FE22-B50859F84724}.Debug|Any CPU.Build.0 = Debug|Any CPU
		{47126DFC-830D-A7D2-FE22-B50859F84724}.Release|Any CPU.ActiveCfg = Release|Any CPU
		{47126DFC-830D-A7D2-FE22-B50859F84724}.Release|Any CPU.Build.0 = Release|Any CPU
	EndGlobalSection
	GlobalSection(SolutionProperties) = preSolution
		HideSolutionNode = FALSE
	EndGlobalSection
EndGlobal
